github.com/skeptycal/util/stringutils v0.0.0-20210327131358-3c9cdad9bb2e h1:IxrcSYZJF9Cwy55yoA+SQaN6HyhpiddXWrj+6Lv5+i0=
github.com/skeptycal/util/stringutils v0.0.0-20210327131358-3c9cdad9bb2e/go.mod h1:KyL1YI+MkVKpm+IkH4YUOc1NDoBIGMr6Eq4Slqd8RfA=
golang.org/x/sys v0.0.0-20210324051608-47abb6519492 h1:Paq34FxTluEPvVyayQqMPgHm+vTOrIifmcYxFBx9TLg=
golang.org/x/sys v0.0.0-20210324051608-47abb6519492/go.mod h1:h1NjWce9XRLGQEsW7wpKNCjG9DtNlClVuFLEZdDNbEs=
